%{"dialyxir": {:hex, :dialyxir, "0.3.3", "2f8bb8ab4e17acf4086cae847bd385c0f89296d3e3448dc304c26bfbe4b46cb4", [:mix], []},
  "earmark": {:hex, :earmark, "0.2.1", "ba6d26ceb16106d069b289df66751734802777a3cbb6787026dd800ffeb850f3", [:mix], []},
  "ex_doc": {:hex, :ex_doc, "0.12.0", "b774aabfede4af31c0301aece12371cbd25995a21bb3d71d66f5c2fe074c603f", [:mix], [{:earmark, "~> 0.2", [hex: :earmark, optional: false]}]},
  "logger_file_backend": {:hex, :logger_file_backend, "0.0.8", "1cdf1c492d6f64ee5d76d423cd76e2282ae3a7800468cb8b305bdfd1e775c07b", [:mix], []},
  "message_pack": {:hex, :message_pack, "0.2.0", "244350d139b96c94729666dfac24440c3b1e8b3d1cc67287e78b2b6779593020", [:mix], []},
  "msgpack": {:hex, :msgpack, "0.5.0", "05e87ba33ef98109ffb408c6bf4acfa892fccb1b6054bb52233bef1537e38a33", [:rebar3], []},
  "socket": {:hex, :socket, "0.3.4", "4fed773102445eb333b4536610b8d9a9ba3c3e85cc84c7491991af9653819d65", [:mix], []}}
